{
  "name": "@iapro/orquestrador-maestro-cli",
  "version": "0.1.3",
  "lockfileVersion": 3,
  "requires": true,
  "packages": {
    "": {
      "name": "@iapro/orquestrador-maestro-cli",
      "version": "0.1.3",
      "bin": {
        "orquestrador-maestro": "bin/orquestrador-maestro.js"
      },
      "engines": {
        "node": ">=18.0.0"
      }
    }
  }
}
